
Microsoft Visual Studio Solution File, Format Version 12.00
# Visual Studio Version 16
VisualStudioVersion = 16.0.30011.22
MinimumVisualStudioVersion = 10.0.40219.1
Project("{FAE04EC0-301F-11D3-BF4B-00C04F79EFBC}") = "FootballArchive.Core", "FootballArchive.Core\FootballArchive.Core.csproj", "{460E66E8-3DCC-416F-AA71-430781F65B94}"
EndProject
Project("{FAE04EC0-301F-11D3-BF4B-00C04F79EFBC}") = "FootballArchive.Infrastructure", "FootballArchive.Infrastructure\FootballArchive.Infrastructure.csproj", "{1E34E721-8371-48FB-97CD-83AC9948F481}"
EndProject
Global
	GlobalSection(SolutionConfigurationPlatforms) = preSolution
		Debug|Any CPU = Debug|Any CPU
		Release|Any CPU = Release|Any CPU
	EndGlobalSection
	GlobalSection(ProjectConfigurationPlatforms) = postSolution
		{460E66E8-3DCC-416F-AA71-430781F65B94}.Debug|Any CPU.ActiveCfg = Debug|Any CPU
		{460E66E8-3DCC-416F-AA71-430781F65B94}.Debug|Any CPU.Build.0 = Debug|Any CPU
		{460E66E8-3DCC-416F-AA71-430781F65B94}.Release|Any CPU.ActiveCfg = Release|Any CPU
		{460E66E8-3DCC-416F-AA71-430781F65B94}.Release|Any CPU.Build.0 = Release|Any CPU
		{1E34E721-8371-48FB-97CD-83AC9948F481}.Debug|Any CPU.ActiveCfg = Debug|Any CPU
		{1E34E721-8371-48FB-97CD-83AC9948F481}.Debug|Any CPU.Build.0 = Debug|Any CPU
		{1E34E721-8371-48FB-97CD-83AC9948F481}.Release|Any CPU.ActiveCfg = Release|Any CPU
		{1E34E721-8371-48FB-97CD-83AC9948F481}.Release|Any CPU.Build.0 = Release|Any CPU
	EndGlobalSection
	GlobalSection(SolutionProperties) = preSolution
		HideSolutionNode = FALSE
	EndGlobalSection
	GlobalSection(ExtensibilityGlobals) = postSolution
		SolutionGuid = {EA84121B-7F32-41AB-A0F8-F69C620554CB}
	EndGlobalSection
EndGlobal
